
Microsoft Visual Studio Solution File, Format Version 12.00
# Visual Studio Version 17
VisualStudioVersion = 17.1.32328.378
MinimumVisualStudioVersion = 10.0.40219.1
Project("{FAE04EC0-301F-11D3-BF4B-00C04F79EFBC}") = "ConsoleAppSeaBattleServer", "ConsoleAppSeaBattleServer\ConsoleAppSeaBattleServer.csproj", "{54A25A93-A305-4379-A825-56E69809A269}"
EndProject
Global
	GlobalSection(SolutionConfigurationPlatforms) = preSolution
		Debug|Any CPU = Debug|Any CPU
		Release|Any CPU = Release|Any CPU
	EndGlobalSection
	GlobalSection(ProjectConfigurationPlatforms) = postSolution
		{54A25A93-A305-4379-A825-56E69809A269}.Debug|Any CPU.ActiveCfg = Debug|Any CPU
		{54A25A93-A305-4379-A825-56E69809A269}.Debug|Any CPU.Build.0 = Debug|Any CPU
		{54A25A93-A305-4379-A825-56E69809A269}.Release|Any CPU.ActiveCfg = Release|Any CPU
		{54A25A93-A305-4379-A825-56E69809A269}.Release|Any CPU.Build.0 = Release|Any CPU
	EndGlobalSection
	GlobalSection(SolutionProperties) = preSolution
		HideSolutionNode = FALSE
	EndGlobalSection
	GlobalSection(ExtensibilityGlobals) = postSolution
		SolutionGuid = {69FE9B82-1030-463A-9924-76234D0D4427}
	EndGlobalSection
EndGlobal
